{
  "name": "ratio-tracker",
  "lockfileVersion": 2,
  "requires": true,
  "packages": {
    "": {
      "dependencies": {
        "moment": "^2.29.1",
        "react-native-html-to-pdf": "^0.9.1"
      }
    },
    "node_modules/moment": {
      "version": "2.29.1",
      "resolved": "https://registry.npmjs.org/moment/-/moment-2.29.1.tgz",
      "integrity": "sha512-kHmoybcPV8Sqy59DwNDY3Jefr64lK/by/da0ViFcuA4DH0vQg5Q6Ze5VimxkfQNSC+Mls/Kx53s7TjP1RhFEDQ==",
      "engines": {
        "node": "*"
      }
    },
    "node_modules/react-native-html-to-pdf": {
      "version": "0.9.1",
      "resolved": "https://registry.npmjs.org/react-native-html-to-pdf/-/react-native-html-to-pdf-0.9.1.tgz",
      "integrity": "sha512-aACv9A2i9A6FY5hi9zuhDSsJqea3yRpbpQu0/y1LGPk9DknE4c0CDDOI9qjEJv+wgBpS1gfQM+sezqVlZ8xtlA=="
    }
  },
  "dependencies": {
    "moment": {
      "version": "2.29.1",
      "resolved": "https://registry.npmjs.org/moment/-/moment-2.29.1.tgz",
      "integrity": "sha512-kHmoybcPV8Sqy59DwNDY3Jefr64lK/by/da0ViFcuA4DH0vQg5Q6Ze5VimxkfQNSC+Mls/Kx53s7TjP1RhFEDQ=="
    },
    "react-native-html-to-pdf": {
      "version": "0.9.1",
      "resolved": "https://registry.npmjs.org/react-native-html-to-pdf/-/react-native-html-to-pdf-0.9.1.tgz",
      "integrity": "sha512-aACv9A2i9A6FY5hi9zuhDSsJqea3yRpbpQu0/y1LGPk9DknE4c0CDDOI9qjEJv+wgBpS1gfQM+sezqVlZ8xtlA=="
    }
  }
}
